
Microsoft Visual Studio Solution File, Format Version 12.00
# Visual Studio Version 17
VisualStudioVersion = 17.5.2.0
MinimumVisualStudioVersion = 10.0.40219.1
Project("{FAE04EC0-301F-11D3-BF4B-00C04F79EFBC}") = "ASPNET Ecommerce", "ASPNET Ecommerce.csproj", "{3F9D303B-D771-174D-E6A6-1E283A827A36}"
EndProject
Project("{2150E333-8FDC-42A3-9474-1A3956D46DE8}") = "tests", "tests", "{0AB3BF05-4346-4AA6-1389-037BE0695223}"
EndProject
Project("{FAE04EC0-301F-11D3-BF4B-00C04F79EFBC}") = "ASPNETEcommerce.Tests", "tests\ASPNETEcommerce.Tests\ASPNETEcommerce.Tests.csproj", "{E025B1F0-901D-4FCA-99AA-1EB6B4A5A4D5}"
EndProject
Global
	GlobalSection(SolutionConfigurationPlatforms) = preSolution
		Debug|Any CPU = Debug|Any CPU
		Debug|x64 = Debug|x64
		Debug|x86 = Debug|x86
		Release|Any CPU = Release|Any CPU
		Release|x64 = Release|x64
		Release|x86 = Release|x86
	EndGlobalSection
	GlobalSection(ProjectConfigurationPlatforms) = postSolution
		{3F9D303B-D771-174D-E6A6-1E283A827A36}.Debug|Any CPU.ActiveCfg = Debug|Any CPU
		{3F9D303B-D771-174D-E6A6-1E283A827A36}.Debug|Any CPU.Build.0 = Debug|Any CPU
		{3F9D303B-D771-174D-E6A6-1E283A827A36}.Debug|x64.ActiveCfg = Debug|Any CPU
		{3F9D303B-D771-174D-E6A6-1E283A827A36}.Debug|x64.Build.0 = Debug|Any CPU
		{3F9D303B-D771-174D-E6A6-1E283A827A36}.Debug|x86.ActiveCfg = Debug|Any CPU
		{3F9D303B-D771-174D-E6A6-1E283A827A36}.Debug|x86.Build.0 = Debug|Any CPU
		{3F9D303B-D771-174D-E6A6-1E283A827A36}.Release|Any CPU.ActiveCfg = Release|Any CPU
		{3F9D303B-D771-174D-E6A6-1E283A827A36}.Release|Any CPU.Build.0 = Release|Any CPU
		{3F9D303B-D771-174D-E6A6-1E283A827A36}.Release|x64.ActiveCfg = Release|Any CPU
		{3F9D303B-D771-174D-E6A6-1E283A827A36}.Release|x64.Build.0 = Release|Any CPU
		{3F9D303B-D771-174D-E6A6-1E283A827A36}.Release|x86.ActiveCfg = Release|Any CPU
		{3F9D303B-D771-174D-E6A6-1E283A827A36}.Release|x86.Build.0 = Release|Any CPU
		{E025B1F0-901D-4FCA-99AA-1EB6B4A5A4D5}.Debug|Any CPU.ActiveCfg = Debug|Any CPU
		{E025B1F0-901D-4FCA-99AA-1EB6B4A5A4D5}.Debug|Any CPU.Build.0 = Debug|Any CPU
		{E025B1F0-901D-4FCA-99AA-1EB6B4A5A4D5}.Debug|x64.ActiveCfg = Debug|Any CPU
		{E025B1F0-901D-4FCA-99AA-1EB6B4A5A4D5}.Debug|x64.Build.0 = Debug|Any CPU
		{E025B1F0-901D-4FCA-99AA-1EB6B4A5A4D5}.Debug|x86.ActiveCfg = Debug|Any CPU
		{E025B1F0-901D-4FCA-99AA-1EB6B4A5A4D5}.Debug|x86.Build.0 = Debug|Any CPU
		{E025B1F0-901D-4FCA-99AA-1EB6B4A5A4D5}.Release|Any CPU.ActiveCfg = Release|Any CPU
		{E025B1F0-901D-4FCA-99AA-1EB6B4A5A4D5}.Release|Any CPU.Build.0 = Release|Any CPU
		{E025B1F0-901D-4FCA-99AA-1EB6B4A5A4D5}.Release|x64.ActiveCfg = Release|Any CPU
		{E025B1F0-901D-4FCA-99AA-1EB6B4A5A4D5}.Release|x64.Build.0 = Release|Any CPU
		{E025B1F0-901D-4FCA-99AA-1EB6B4A5A4D5}.Release|x86.ActiveCfg = Release|Any CPU
		{E025B1F0-901D-4FCA-99AA-1EB6B4A5A4D5}.Release|x86.Build.0 = Release|Any CPU
	EndGlobalSection
	GlobalSection(SolutionProperties) = preSolution
		HideSolutionNode = FALSE
	EndGlobalSection
	GlobalSection(NestedProjects) = preSolution
		{E025B1F0-901D-4FCA-99AA-1EB6B4A5A4D5} = {0AB3BF05-4346-4AA6-1389-037BE0695223}
	EndGlobalSection
	GlobalSection(ExtensibilityGlobals) = postSolution
		SolutionGuid = {0A67F020-9538-41D0-B4EF-FC43B43DEC8C}
	EndGlobalSection
EndGlobal
